Microsoft Visual Studio Solution File, Format Version 12.00
# Visual Studio Version 17
VisualStudioVersion = 17.0.31919.166
MinimumVisualStudioVersion = 10.0.40219.1
Project("{2150E333-8FDC-42A3-9474-1A3956D46DE8}") = "src", "src", "{E18D522D-9E5B-49F4-80C5-3F6A4F8D9409}"
EndProject
Project("{9A19103F-16F7-4668-BE54-9A1E7A4F7556}") = "FrwkQuickWait.Domain", "src\FrwkQuickWait.Domain\FrwkQuickWait.Domain.csproj", "{A9E8CDFA-F2C2-4C7C-BB5A-F317F888AB49}"
EndProject
Project("{9A19103F-16F7-4668-BE54-9A1E7A4F7556}") = "FrwkQuickWait.Infrastructure", "src\FrwkQuickWait.Infrastructure\FrwkQuickWait.Infrastructure.csproj", "{54E19C14-B3E7-4861-AE1A-3CB67F179A01}"
EndProject
Project("{9A19103F-16F7-4668-BE54-9A1E7A4F7556}") = "FrwkQuickWait.Service", "src\FrwkQuickWait.Service\FrwkQuickWait.Service.csproj", "{708F632B-0877-483F-BE05-990F5CE35F71}"
EndProject
Project("{9A19103F-16F7-4668-BE54-9A1E7A4F7556}") = "FrwkQuickWaitUserHpptAggregator", "src\FrwkQuickWaitUserHpptAggregator\FrwkQuickWaitUserHpptAggregator.csproj", "{01D7F29E-941E-4EB8-BC55-EF85A82FD5CB}"
EndProject
Global
	GlobalSection(SolutionConfigurationPlatforms) = preSolution
		Debug|Any CPU = Debug|Any CPU
		Release|Any CPU = Release|Any CPU
	EndGlobalSection
	GlobalSection(ProjectConfigurationPlatforms) = postSolution
		{A9E8CDFA-F2C2-4C7C-BB5A-F317F888AB49}.Debug|Any CPU.ActiveCfg = Debug|Any CPU
		{A9E8CDFA-F2C2-4C7C-BB5A-F317F888AB49}.Debug|Any CPU.Build.0 = Debug|Any CPU
		{A9E8CDFA-F2C2-4C7C-BB5A-F317F888AB49}.Release|Any CPU.ActiveCfg = Release|Any CPU
		{A9E8CDFA-F2C2-4C7C-BB5A-F317F888AB49}.Release|Any CPU.Build.0 = Release|Any CPU
		{54E19C14-B3E7-4861-AE1A-3CB67F179A01}.Debug|Any CPU.ActiveCfg = Debug|Any CPU
		{54E19C14-B3E7-4861-AE1A-3CB67F179A01}.Debug|Any CPU.Build.0 = Debug|Any CPU
		{54E19C14-B3E7-4861-AE1A-3CB67F179A01}.Release|Any CPU.ActiveCfg = Release|Any CPU
		{54E19C14-B3E7-4861-AE1A-3CB67F179A01}.Release|Any CPU.Build.0 = Release|Any CPU
		{708F632B-0877-483F-BE05-990F5CE35F71}.Debug|Any CPU.ActiveCfg = Debug|Any CPU
		{708F632B-0877-483F-BE05-990F5CE35F71}.Debug|Any CPU.Build.0 = Debug|Any CPU
		{708F632B-0877-483F-BE05-990F5CE35F71}.Release|Any CPU.ActiveCfg = Release|Any CPU
		{708F632B-0877-483F-BE05-990F5CE35F71}.Release|Any CPU.Build.0 = Release|Any CPU
		{01D7F29E-941E-4EB8-BC55-EF85A82FD5CB}.Debug|Any CPU.ActiveCfg = Debug|Any CPU
		{01D7F29E-941E-4EB8-BC55-EF85A82FD5CB}.Debug|Any CPU.Build.0 = Debug|Any CPU
		{01D7F29E-941E-4EB8-BC55-EF85A82FD5CB}.Release|Any CPU.ActiveCfg = Release|Any CPU
		{01D7F29E-941E-4EB8-BC55-EF85A82FD5CB}.Release|Any CPU.Build.0 = Release|Any CPU
	EndGlobalSection
	GlobalSection(SolutionProperties) = preSolution
		HideSolutionNode = FALSE
	EndGlobalSection
	GlobalSection(NestedProjects) = preSolution
		{A9E8CDFA-F2C2-4C7C-BB5A-F317F888AB49} = {E18D522D-9E5B-49F4-80C5-3F6A4F8D9409}
		{54E19C14-B3E7-4861-AE1A-3CB67F179A01} = {E18D522D-9E5B-49F4-80C5-3F6A4F8D9409}
		{708F632B-0877-483F-BE05-990F5CE35F71} = {E18D522D-9E5B-49F4-80C5-3F6A4F8D9409}
		{01D7F29E-941E-4EB8-BC55-EF85A82FD5CB} = {E18D522D-9E5B-49F4-80C5-3F6A4F8D9409}
	EndGlobalSection
	GlobalSection(ExtensibilityGlobals) = postSolution
		SolutionGuid = {B8026AA1-9D56-4984-A591-FBA9CE1F3B65}
	EndGlobalSection
EndGlobal
