
Microsoft Visual Studio Solution File, Format Version 12.00
# Visual Studio Version 17
VisualStudioVersion = 17.0.31919.166
MinimumVisualStudioVersion = 10.0.40219.1
Project("{FAE04EC0-301F-11D3-BF4B-00C04F79EFBC}") = "FrwkQuickWaitUserHpptAggregator", "FrwkQuickWaitUserHpptAggregator.csproj", "{1BDEAECB-3326-4F4C-B50D-466AE08AC951}"
EndProject
Global
	GlobalSection(SolutionConfigurationPlatforms) = preSolution
		Debug|Any CPU = Debug|Any CPU
		Release|Any CPU = Release|Any CPU
	EndGlobalSection
	GlobalSection(ProjectConfigurationPlatforms) = postSolution
		{1BDEAECB-3326-4F4C-B50D-466AE08AC951}.Debug|Any CPU.ActiveCfg = Debug|Any CPU
		{1BDEAECB-3326-4F4C-B50D-466AE08AC951}.Debug|Any CPU.Build.0 = Debug|Any CPU
		{1BDEAECB-3326-4F4C-B50D-466AE08AC951}.Release|Any CPU.ActiveCfg = Release|Any CPU
		{1BDEAECB-3326-4F4C-B50D-466AE08AC951}.Release|Any CPU.Build.0 = Release|Any CPU
	EndGlobalSection
	GlobalSection(SolutionProperties) = preSolution
		HideSolutionNode = FALSE
	EndGlobalSection
	GlobalSection(ExtensibilityGlobals) = postSolution
		SolutionGuid = {B8026AA1-9D56-4984-A591-FBA9CE1F3B65}
	EndGlobalSection
EndGlobal
